# This file is generated by running "yarn install" inside your project.
# Manual changes might be lost - proceed with caution!

__metadata:
  version: 6
  cacheKey: 8

"@noltron000/portfolio-frontend@workspace:.":
  version: 0.0.0-use.local
  resolution: "@noltron000/portfolio-frontend@workspace:."
  dependencies:
    typescript: ^4.8.3
  languageName: unknown
  linkType: soft

"typescript@npm:^4.8.3":
  version: 4.8.3
  resolution: "typescript@npm:4.8.3"
  bin:
    tsc: bin/tsc
    tsserver: bin/tsserver
  checksum: 8286a5edcaf3d68e65c451aa1e7150ad1cf53ee0813c07ec35b7abdfdb10f355ecaa13c6a226a694ae7a67785fd7eeebf89f845da0b4f7e4a35561ddc459aba0
  languageName: node
  linkType: hard

"typescript@patch:typescript@^4.8.3#~builtin<compat/typescript>":
  version: 4.8.3
  resolution: "typescript@patch:typescript@npm%3A4.8.3#~builtin<compat/typescript>::version=4.8.3&hash=7ad353"
  bin:
    tsc: bin/tsc
    tsserver: bin/tsserver
  checksum: 0404a09c625df01934ef774b45ce1ca57ccae41cd625fcdbb82056715320d9329e70d9d75c2c732ec6ef947444ca978c189a332b71fa21f5c1437d5a83e24906
  languageName: node
  linkType: hard
